PODS:
  - IndoorAtlas (2.4.1)
  - Proximiio (1.1.74):
    - IndoorAtlas

DEPENDENCIES:
  - Proximiio (from `../`)

SPEC REPOS:
  https://github.com/cocoapods/specs.git:
    - IndoorAtlas

EXTERNAL SOURCES:
  Proximiio:
    :path: "../"

SPEC CHECKSUMS:
  IndoorAtlas: 866807ed552ed9571a2c2defddf0f0742af3a387
  Proximiio: 173757e84cda27b84afa7802920fe9581b80e26e

PODFILE CHECKSUM: da8f0b5c72a2a7430fc42aca494bad785f5bc470

COCOAPODS: 1.7.5
